
Microsoft Visual Studio Solution File, Format Version 12.00
# Visual Studio Version 17
VisualStudioVersion = 17.0.31903.59
MinimumVisualStudioVersion = 10.0.40219.1
Project("{FAE04EC0-301F-11D3-BF4B-00C04F79EFBC}") = "MyEngine.Core", "src\MyEngine.Core\MyEngine.Core.csproj", "{9855CBEE-2FC8-462E-AD2C-14A873868E45}"
EndProject
Project("{FAE04EC0-301F-11D3-BF4B-00C04F79EFBC}") = "MyEngine.EditorFramework", "src\MyEngine.EditorFramework\MyEngine.EditorFramework.csproj", "{FAEE2A60-D46F-4E38-91B7-7D10328B8A8F}"
EndProject
Project("{FAE04EC0-301F-11D3-BF4B-00C04F79EFBC}") = "MyEngine.Editor", "src\MyEngine.Editor\MyEngine.Editor.csproj", "{403706D6-E0A0-49EA-8AE6-056D480D1A72}"
EndProject
Project("{FAE04EC0-301F-11D3-BF4B-00C04F79EFBC}") = "MyEngine.Launcher", "src\MyEngine.Launcher\MyEngine.Launcher.csproj", "{242BE5C3-175E-4D8A-BA7A-3D7D9F9777DB}"
EndProject
Global
	GlobalSection(SolutionConfigurationPlatforms) = preSolution
		Debug|Any CPU = Debug|Any CPU
		Release|Any CPU = Release|Any CPU
	EndGlobalSection
	GlobalSection(ProjectConfigurationPlatforms) = postSolution
		{9855CBEE-2FC8-462E-AD2C-14A873868E45}.Debug|Any CPU.ActiveCfg = Debug|Any CPU
		{9855CBEE-2FC8-462E-AD2C-14A873868E45}.Debug|Any CPU.Build.0 = Debug|Any CPU
		{9855CBEE-2FC8-462E-AD2C-14A873868E45}.Release|Any CPU.ActiveCfg = Release|Any CPU
		{9855CBEE-2FC8-462E-AD2C-14A873868E45}.Release|Any CPU.Build.0 = Release|Any CPU
		{FAEE2A60-D46F-4E38-91B7-7D10328B8A8F}.Debug|Any CPU.ActiveCfg = Debug|Any CPU
		{FAEE2A60-D46F-4E38-91B7-7D10328B8A8F}.Debug|Any CPU.Build.0 = Debug|Any CPU
		{FAEE2A60-D46F-4E38-91B7-7D10328B8A8F}.Release|Any CPU.ActiveCfg = Release|Any CPU
		{FAEE2A60-D46F-4E38-91B7-7D10328B8A8F}.Release|Any CPU.Build.0 = Release|Any CPU
		{403706D6-E0A0-49EA-8AE6-056D480D1A72}.Debug|Any CPU.ActiveCfg = Debug|Any CPU
		{403706D6-E0A0-49EA-8AE6-056D480D1A72}.Debug|Any CPU.Build.0 = Debug|Any CPU
		{403706D6-E0A0-49EA-8AE6-056D480D1A72}.Release|Any CPU.ActiveCfg = Release|Any CPU
		{403706D6-E0A0-49EA-8AE6-056D480D1A72}.Release|Any CPU.Build.0 = Release|Any CPU
		{242BE5C3-175E-4D8A-BA7A-3D7D9F9777DB}.Debug|Any CPU.ActiveCfg = Debug|Any CPU
		{242BE5C3-175E-4D8A-BA7A-3D7D9F9777DB}.Debug|Any CPU.Build.0 = Debug|Any CPU
		{242BE5C3-175E-4D8A-BA7A-3D7D9F9777DB}.Release|Any CPU.ActiveCfg = Release|Any CPU
		{242BE5C3-175E-4D8A-BA7A-3D7D9F9777DB}.Release|Any CPU.Build.0 = Release|Any CPU
	EndGlobalSection
	GlobalSection(SolutionProperties) = preSolution
		HideSolutionNode = FALSE
	EndGlobalSection
EndGlobal
